// !$*UTF8*$!
{
	archiveVersion = 1;
	classes = {
	};
	objectVersion = 56;
	objects = {

/* Begin PBXBuildFile section */
		FC2E312A2A01BD0600A9BAD2 /* EnfischidoApp.swift in Sources */ = {isa = PBXBuildFile; fileRef = FC2E31292A01BD0600A9BAD2 /* EnfischidoApp.swift */; };
		FC2E312C2A01BD0600A9BAD2 /* ContentView.swift in Sources */ = {isa = PBXBuildFile; fileRef = FC2E312B2A01BD0600A9BAD2 /* ContentView.swift */; };
		FC2E312E2A01BD0700A9BAD2 /* Assets.xcassets in Resources */ = {isa = PBXBuildFile; fileRef = FC2E312D2A01BD0700A9BAD2 /* Assets.xcassets */; };
		FC2E31312A01BD0700A9BAD2 /* Preview Assets.xcassets in Resources */ = {isa = PBXBuildFile; fileRef = FC2E31302A01BD0700A9BAD2 /* Preview Assets.xcassets */; };
		FC44F5A12A01C7AA009AC10F /* MainMenuView.swift in Sources */ = {isa = PBXBuildFile; fileRef = FC44F5A02A01C7AA009AC10F /* MainMenuView.swift */; };
		FC44F5A32A01C9AB009AC10F /* BuscarView.swift in Sources */ = {isa = PBXBuildFile; fileRef = FC44F5A22A01C9AB009AC10F /* BuscarView.swift */; };
		FC44F5A62A01C9F1009AC10F /* HouseMenu.swift in Sources */ = {isa = PBXBuildFile; fileRef = FC44F5A52A01C9F1009AC10F /* HouseMenu.swift */; };
		FC44F5A82A01CA03009AC10F /* PerfilView.swift in Sources */ = {isa = PBXBuildFile; fileRef = FC44F5A72A01CA03009AC10F /* PerfilView.swift */; };
		FC44F5AA2A01CA13009AC10F /* SettingsView.swift in Sources */ = {isa = PBXBuildFile; fileRef = FC44F5A92A01CA13009AC10F /* SettingsView.swift */; };
		FC44F5AC2A01CADB009AC10F /* CuponesView.swift in Sources */ = {isa = PBXBuildFile; fileRef = FC44F5AB2A01CADB009AC10F /* CuponesView.swift */; };
		FC44F5AE2A01CAF7009AC10F /* LugaresGView.swift in Sources */ = {isa = PBXBuildFile; fileRef = FC44F5AD2A01CAF7009AC10F /* LugaresGView.swift */; };
		FC44F5B02A01CBF6009AC10F /* ChangeUsernameView.swift in Sources */ = {isa = PBXBuildFile; fileRef = FC44F5AF2A01CBF6009AC10F /* ChangeUsernameView.swift */; };
		FC44F5B22A01CC10009AC10F /* ChangeEmailView.swift in Sources */ = {isa = PBXBuildFile; fileRef = FC44F5B12A01CC10009AC10F /* ChangeEmailView.swift */; };
		FC44F5B42A01CC34009AC10F /* ChangePasswordView.swift in Sources */ = {isa = PBXBuildFile; fileRef = FC44F5B32A01CC34009AC10F /* ChangePasswordView.swift */; };
		FC44F5B92A01D429009AC10F /* FirebaseAnalytics in Frameworks */ = {isa = PBXBuildFile; productRef = FC44F5B82A01D429009AC10F /* FirebaseAnalytics */; };
		FC44F5BB2A01D429009AC10F /* FirebaseAnalyticsSwift in Frameworks */ = {isa = PBXBuildFile; productRef = FC44F5BA2A01D429009AC10F /* FirebaseAnalyticsSwift */; };
		FC44F5C02A01DA26009AC10F /* GoogleService-Info.plist in Resources */ = {isa = PBXBuildFile; fileRef = FC44F5BF2A01DA26009AC10F /* GoogleService-Info.plist */; };
		FC49046E2A01C0B7007373DA /* LoginView.swift in Sources */ = {isa = PBXBuildFile; fileRef = FC49046D2A01C0B7007373DA /* LoginView.swift */; };
		FC4904702A01C0D3007373DA /* RegisterView.swift in Sources */ = {isa = PBXBuildFile; fileRef = FC49046F2A01C0D3007373DA /* RegisterView.swift */; };
/* End PBXBuildFile section */

/* Begin PBXFileReference section */
		FC2E31262A01BD0600A9BAD2 /* Enfischido.app */ = {isa = PBXFileReference; explicitFileType = wrapper.application; includeInIndex = 0; path = Enfischido.app; sourceTree = BUILT_PRODUCTS_DIR; };
		FC2E31292A01BD0600A9BAD2 /* EnfischidoApp.swift */ = {isa = PBXFileReference; lastKnownFileType = sourcecode.swift; path = EnfischidoApp.swift; sourceTree = "<group>"; };
		FC2E312B2A01BD0600A9BAD2 /* ContentView.swift */ = {isa = PBXFileReference; lastKnownFileType = sourcecode.swift; path = ContentView.swift; sourceTree = "<group>"; };
		FC2E312D2A01BD0700A9BAD2 /* Assets.xcassets */ = {isa = PBXFileReference; lastKnownFileType = folder.assetcatalog; path = Assets.xcassets; sourceTree = "<group>"; };
		FC2E31302A01BD0700A9BAD2 /* Preview Assets.xcassets */ = {isa = PBXFileReference; lastKnownFileType = folder.assetcatalog; path = "Preview Assets.xcassets"; sourceTree = "<group>"; };
		FC44F5A02A01C7AA009AC10F /* MainMenuView.swift */ = {isa = PBXFileReference; lastKnownFileType = sourcecode.swift; path = MainMenuView.swift; sourceTree = "<group>"; };
		FC44F5A22A01C9AB009AC10F /* BuscarView.swift */ = {isa = PBXFileReference; lastKnownFileType = sourcecode.swift; path = BuscarView.swift; sourceTree = "<group>"; };
		FC44F5A52A01C9F1009AC10F /* HouseMenu.swift */ = {isa = PBXFileReference; lastKnownFileType = sourcecode.swift; path = HouseMenu.swift; sourceTree = "<group>"; };
		FC44F5A72A01CA03009AC10F /* PerfilView.swift */ = {isa = PBXFileReference; lastKnownFileType = sourcecode.swift; path = PerfilView.swift; sourceTree = "<group>"; };
		FC44F5A92A01CA13009AC10F /* SettingsView.swift */ = {isa = PBXFileReference; lastKnownFileType = sourcecode.swift; path = SettingsView.swift; sourceTree = "<group>"; };
		FC44F5AB2A01CADB009AC10F /* CuponesView.swift */ = {isa = PBXFileReference; lastKnownFileType = sourcecode.swift; path = CuponesView.swift; sourceTree = "<group>"; };
		FC44F5AD2A01CAF7009AC10F /* LugaresGView.swift */ = {isa = PBXFileReference; lastKnownFileType = sourcecode.swift; path = LugaresGView.swift; sourceTree = "<group>"; };
		FC44F5AF2A01CBF6009AC10F /* ChangeUsernameView.swift */ = {isa = PBXFileReference; lastKnownFileType = sourcecode.swift; path = ChangeUsernameView.swift; sourceTree = "<group>"; };
		FC44F5B12A01CC10009AC10F /* ChangeEmailView.swift */ = {isa = PBXFileReference; lastKnownFileType = sourcecode.swift; path = ChangeEmailView.swift; sourceTree = "<group>"; };
		FC44F5B32A01CC34009AC10F /* ChangePasswordView.swift */ = {isa = PBXFileReference; lastKnownFileType = sourcecode.swift; path = ChangePasswordView.swift; sourceTree = "<group>"; };
		FC44F5BF2A01DA26009AC10F /* GoogleService-Info.plist */ = {isa = PBXFileReference; fileEncoding = 4; lastKnownFileType = text.plist.xml; path = "GoogleService-Info.plist"; sourceTree = "<group>"; };
		FC49046D2A01C0B7007373DA /* LoginView.swift */ = {isa = PBXFileReference; lastKnownFileType = sourcecode.swift; path = LoginView.swift; sourceTree = "<group>"; };
		FC49046F2A01C0D3007373DA /* RegisterView.swift */ = {isa = PBXFileReference; lastKnownFileType = sourcecode.swift; path = RegisterView.swift; sourceTree = "<group>"; };
/* End PBXFileReference section */

/* Begin PBXFrameworksBuildPhase section */
		FC2E31232A01BD0600A9BAD2 /* Frameworks */ = {
			isa = PBXFrameworksBuildPhase;
			buildActionMask = 2147483647;
			files = (
				FC44F5BB2A01D429009AC10F /* FirebaseAnalyticsSwift in Frameworks */,
				FC44F5B92A01D429009AC10F /* FirebaseAnalytics in Frameworks */,
			);
			runOnlyForDeploymentPostprocessing = 0;
		};
/* End PBXFrameworksBuildPhase section */

/* Begin PBXGroup section */
		FC2E311D2A01BD0600A9BAD2 = {
			isa = PBXGroup;
			children = (
				FC2E31282A01BD0600A9BAD2 /* Enfischido */,
				FC2E31272A01BD0600A9BAD2 /* Products */,
			);
			sourceTree = "<group>";
		};
		FC2E31272A01BD0600A9BAD2 /* Products */ = {
			isa = PBXGroup;
			children = (
				FC2E31262A01BD0600A9BAD2 /* Enfischido.app */,
			);
			name = Products;
			sourceTree = "<group>";
		};
		FC2E31282A01BD0600A9BAD2 /* Enfischido */ = {
			isa = PBXGroup;
			children = (
				FC44F5AF2A01CBF6009AC10F /* ChangeUsernameView.swift */,
				FC2E31292A01BD0600A9BAD2 /* EnfischidoApp.swift */,
				FC2E312B2A01BD0600A9BAD2 /* ContentView.swift */,
				FC49046F2A01C0D3007373DA /* RegisterView.swift */,
				FC49046D2A01C0B7007373DA /* LoginView.swift */,
				FC44F5A22A01C9AB009AC10F /* BuscarView.swift */,
				FC44F5A52A01C9F1009AC10F /* HouseMenu.swift */,
				FC44F5A02A01C7AA009AC10F /* MainMenuView.swift */,
				FC44F5A92A01CA13009AC10F /* SettingsView.swift */,
				FC44F5AD2A01CAF7009AC10F /* LugaresGView.swift */,
				FC44F5A72A01CA03009AC10F /* PerfilView.swift */,
				FC44F5AB2A01CADB009AC10F /* CuponesView.swift */,
				FC44F5BF2A01DA26009AC10F /* GoogleService-Info.plist */,
				FC44F5B12A01CC10009AC10F /* ChangeEmailView.swift */,
				FC2E312D2A01BD0700A9BAD2 /* Assets.xcassets */,
				FC2E312F2A01BD0700A9BAD2 /* Preview Content */,
				FC44F5B32A01CC34009AC10F /* ChangePasswordView.swift */,
			);
			path = Enfischido;
			sourceTree = "<group>";
		};
		FC2E312F2A01BD0700A9BAD2 /* Preview Content */ = {
			isa = PBXGroup;
			children = (
				FC2E31302A01BD0700A9BAD2 /* Preview Assets.xcassets */,
			);
			path = "Preview Content";
			sourceTree = "<group>";
		};
/* End PBXGroup section */

/* Begin PBXNativeTarget section */
		FC2E31252A01BD0600A9BAD2 /* Enfischido */ = {
			isa = PBXNativeTarget;
			buildConfigurationList = FC2E31342A01BD0700A9BAD2 /* Build configuration list for PBXNativeTarget "Enfischido" */;
			buildPhases = (
				FC2E31222A01BD0600A9BAD2 /* Sources */,
				FC2E31232A01BD0600A9BAD2 /* Frameworks */,
				FC2E31242A01BD0600A9BAD2 /* Resources */,
			);
			buildRules = (
			);
			dependencies = (
			);
			name = Enfischido;
			packageProductDependencies = (
				FC44F5B82A01D429009AC10F /* FirebaseAnalytics */,
				FC44F5BA2A01D429009AC10F /* FirebaseAnalyticsSwift */,
			);
			productName = Enfischido;
			productReference = FC2E31262A01BD0600A9BAD2 /* Enfischido.app */;
			productType = "com.apple.product-type.application";
		};
/* End PBXNativeTarget section */

/* Begin PBXProject section */
		FC2E311E2A01BD0600A9BAD2 /* Project object */ = {
			isa = PBXProject;
			attributes = {
				BuildIndependentTargetsInParallel = 1;
				LastSwiftUpdateCheck = 1430;
				LastUpgradeCheck = 1430;
				TargetAttributes = {
					FC2E31252A01BD0600A9BAD2 = {
						CreatedOnToolsVersion = 14.3;
					};
				};
			};
			buildConfigurationList = FC2E31212A01BD0600A9BAD2 /* Build configuration list for PBXProject "Enfischido" */;
			compatibilityVersion = "Xcode 14.0";
			developmentRegion = en;
			hasScannedForEncodings = 0;
			knownRegions = (
				en,
				Base,
			);
			mainGroup = FC2E311D2A01BD0600A9BAD2;
			packageReferences = (
				FC44F5B72A01D429009AC10F /* XCRemoteSwiftPackageReference "firebase-ios-sdk" */,
			);
			productRefGroup = FC2E31272A01BD0600A9BAD2 /* Products */;
			projectDirPath = "";
			projectRoot = "";
			targets = (
				FC2E31252A01BD0600A9BAD2 /* Enfischido */,
			);
		};
/* End PBXProject section */

/* Begin PBXResourcesBuildPhase section */
		FC2E31242A01BD0600A9BAD2 /* Resources */ = {
			isa = PBXResourcesBuildPhase;
			buildActionMask = 2147483647;
			files = (
				FC2E31312A01BD0700A9BAD2 /* Preview Assets.xcassets in Resources */,
				FC2E312E2A01BD0700A9BAD2 /* Assets.xcassets in Resources */,
				FC44F5C02A01DA26009AC10F /* GoogleService-Info.plist in Resources */,
			);
			runOnlyForDeploymentPostprocessing = 0;
		};
/* End PBXResourcesBuildPhase section */

/* Begin PBXSourcesBuildPhase section */
		FC2E31222A01BD0600A9BAD2 /* Sources */ = {
			isa = PBXSourcesBuildPhase;
			buildActionMask = 2147483647;
			files = (
				FC44F5A82A01CA03009AC10F /* PerfilView.swift in Sources */,
				FC44F5B42A01CC34009AC10F /* ChangePasswordView.swift in Sources */,
				FC44F5A12A01C7AA009AC10F /* MainMenuView.swift in Sources */,
				FC49046E2A01C0B7007373DA /* LoginView.swift in Sources */,
				FC44F5B22A01CC10009AC10F /* ChangeEmailView.swift in Sources */,
				FC44F5AA2A01CA13009AC10F /* SettingsView.swift in Sources */,
				FC44F5B02A01CBF6009AC10F /* ChangeUsernameView.swift in Sources */,
				FC44F5A62A01C9F1009AC10F /* HouseMenu.swift in Sources */,
				FC44F5AE2A01CAF7009AC10F /* LugaresGView.swift in Sources */,
				FC44F5A32A01C9AB009AC10F /* BuscarView.swift in Sources */,
				FC4904702A01C0D3007373DA /* RegisterView.swift in Sources */,
				FC2E312C2A01BD0600A9BAD2 /* ContentView.swift in Sources */,
				FC44F5AC2A01CADB009AC10F /* CuponesView.swift in Sources */,
				FC2E312A2A01BD0600A9BAD2 /* EnfischidoApp.swift in Sources */,
			);
			runOnlyForDeploymentPostprocessing = 0;
		};
/* End PBXSourcesBuildPhase section */

/* Begin XCBuildConfiguration section */
		FC2E31322A01BD0700A9BAD2 /* Debug */ = {
			isa = XCBuildConfiguration;
			buildSettings = {
				ALWAYS_SEARCH_USER_PATHS = NO;
				CLANG_ANALYZER_NONNULL = YES;
				CLANG_ANALYZER_NUMBER_OBJECT_CONVERSION = YES_AGGRESSIVE;
				CLANG_CXX_LANGUAGE_STANDARD = "gnu++20";
				CLANG_ENABLE_MODULES = YES;
				CLANG_ENABLE_OBJC_ARC = YES;
				CLANG_ENABLE_OBJC_WEAK = YES;
				CLANG_WARN_BLOCK_CAPTURE_AUTORELEASING = YES;
				CLANG_WARN_BOOL_CONVERSION = YES;
				CLANG_WARN_COMMA = YES;
				CLANG_WARN_CONSTANT_CONVERSION = YES;
				CLANG_WARN_DEPRECATED_OBJC_IMPLEMENTATIONS = YES;
				CLANG_WARN_DIRECT_OBJC_ISA_USAGE = YES_ERROR;
				CLANG_WARN_DOCUMENTATION_COMMENTS = YES;
				CLANG_WARN_EMPTY_BODY = YES;
				CLANG_WARN_ENUM_CONVERSION = YES;
				CLANG_WARN_INFINITE_RECURSION = YES;
				CLANG_WARN_INT_CONVERSION = YES;
				CLANG_WARN_NON_LITERAL_NULL_CONVERSION = YES;
				CLANG_WARN_OBJC_IMPLICIT_RETAIN_SELF = YES;
				CLANG_WARN_OBJC_LITERAL_CONVERSION = YES;
				CLANG_WARN_OBJC_ROOT_CLASS = YES_ERROR;
				CLANG_WARN_QUOTED_INCLUDE_IN_FRAMEWORK_HEADER = YES;
				CLANG_WARN_RANGE_LOOP_ANALYSIS = YES;
				CLANG_WARN_STRICT_PROTOTYPES = YES;
				CLANG_WARN_SUSPICIOUS_MOVE = YES;
				CLANG_WARN_UNGUARDED_AVAILABILITY = YES_AGGRESSIVE;
				CLANG_WARN_UNREACHABLE_CODE = YES;
				CLANG_WARN__DUPLICATE_METHOD_MATCH = YES;
				COPY_PHASE_STRIP = NO;
				DEBUG_INFORMATION_FORMAT = dwarf;
				ENABLE_STRICT_OBJC_MSGSEND = YES;
				ENABLE_TESTABILITY = YES;
				GCC_C_LANGUAGE_STANDARD = gnu11;
				GCC_DYNAMIC_NO_PIC = NO;
				GCC_NO_COMMON_BLOCKS = YES;
				GCC_OPTIMIZATION_LEVEL = 0;
				GCC_PREPROCESSOR_DEFINITIONS = (
					"DEBUG=1",
					"$(inherited)",
				);
				GCC_WARN_64_TO_32_BIT_CONVERSION = YES;
				GCC_WARN_ABOUT_RETURN_TYPE = YES_ERROR;
				GCC_WARN_UNDECLARED_SELECTOR = YES;
				GCC_WARN_UNINITIALIZED_AUTOS = YES_AGGRESSIVE;
				GCC_WARN_UNUSED_FUNCTION = YES;
				GCC_WARN_UNUSED_VARIABLE = YES;
				IPHONEOS_DEPLOYMENT_TARGET = 16.4;
				MTL_ENABLE_DEBUG_INFO = INCLUDE_SOURCE;
				MTL_FAST_MATH = YES;
				ONLY_ACTIVE_ARCH = YES;
				SDKROOT = iphoneos;
				SWIFT_ACTIVE_COMPILATION_CONDITIONS = DEBUG;
				SWIFT_OPTIMIZATION_LEVEL = "-Onone";
			};
			name = Debug;
		};
		FC2E31332A01BD0700A9BAD2 /* Release */ = {
			isa = XCBuildConfiguration;
			buildSettings = {
				ALWAYS_SEARCH_USER_PATHS = NO;
				CLANG_ANALYZER_NONNULL = YES;
				CLANG_ANALYZER_NUMBER_OBJECT_CONVERSION = YES_AGGRESSIVE;
				CLANG_CXX_LANGUAGE_STANDARD = "gnu++20";
				CLANG_ENABLE_MODULES = YES;
				CLANG_ENABLE_OBJC_ARC = YES;
				CLANG_ENABLE_OBJC_WEAK = YES;
				CLANG_WARN_BLOCK_CAPTURE_AUTORELEASING = YES;
				CLANG_WARN_BOOL_CONVERSION = YES;
				CLANG_WARN_COMMA = YES;
				CLANG_WARN_CONSTANT_CONVERSION = YES;
				CLANG_WARN_DEPRECATED_OBJC_IMPLEMENTATIONS = YES;
				CLANG_WARN_DIRECT_OBJC_ISA_USAGE = YES_ERROR;
				CLANG_WARN_DOCUMENTATION_COMMENTS = YES;
				CLANG_WARN_EMPTY_BODY = YES;
				CLANG_WARN_ENUM_CONVERSION = YES;
				CLANG_WARN_INFINITE_RECURSION = YES;
				CLANG_WARN_INT_CONVERSION = YES;
				CLANG_WARN_NON_LITERAL_NULL_CONVERSION = YES;
				CLANG_WARN_OBJC_IMPLICIT_RETAIN_SELF = YES;
				CLANG_WARN_OBJC_LITERAL_CONVERSION = YES;
				CLANG_WARN_OBJC_ROOT_CLASS = YES_ERROR;
				CLANG_WARN_QUOTED_INCLUDE_IN_FRAMEWORK_HEADER = YES;
				CLANG_WARN_RANGE_LOOP_ANALYSIS = YES;
				CLANG_WARN_STRICT_PROTOTYPES = YES;
				CLANG_WARN_SUSPICIOUS_MOVE = YES;
				CLANG_WARN_UNGUARDED_AVAILABILITY = YES_AGGRESSIVE;
				CLANG_WARN_UNREACHABLE_CODE = YES;
				CLANG_WARN__DUPLICATE_METHOD_MATCH = YES;
				COPY_PHASE_STRIP = NO;
				DEBUG_INFORMATION_FORMAT = "dwarf-with-dsym";
				ENABLE_NS_ASSERTIONS = NO;
				ENABLE_STRICT_OBJC_MSGSEND = YES;
				GCC_C_LANGUAGE_STANDARD = gnu11;
				GCC_NO_COMMON_BLOCKS = YES;
				GCC_WARN_64_TO_32_BIT_CONVERSION = YES;
				GCC_WARN_ABOUT_RETURN_TYPE = YES_ERROR;
				GCC_WARN_UNDECLARED_SELECTOR = YES;
				GCC_WARN_UNINITIALIZED_AUTOS = YES_AGGRESSIVE;
				GCC_WARN_UNUSED_FUNCTION = YES;
				GCC_WARN_UNUSED_VARIABLE = YES;
				IPHONEOS_DEPLOYMENT_TARGET = 16.4;
				MTL_ENABLE_DEBUG_INFO = NO;
				MTL_FAST_MATH = YES;
				SDKROOT = iphoneos;
				SWIFT_COMPILATION_MODE = wholemodule;
				SWIFT_OPTIMIZATION_LEVEL = "-O";
				VALIDATE_PRODUCT = YES;
			};
			name = Release;
		};
		FC2E31352A01BD0700A9BAD2 /* Debug */ = {
			isa = XCBuildConfiguration;
			buildSettings = {
				ASSETCATALOG_COMPILER_APPICON_NAME = AppIcon;
				ASSETCATALOG_COMPILER_GLOBAL_ACCENT_COLOR_NAME = AccentColor;
				CODE_SIGN_STYLE = Automatic;
				CURRENT_PROJECT_VERSION = 1;
				DEVELOPMENT_ASSET_PATHS = "\"Enfischido/Preview Content\"";
				ENABLE_PREVIEWS = YES;
				GENERATE_INFOPLIST_FILE = YES;
				INFOPLIST_KEY_UIApplicationSceneManifest_Generation = YES;
				INFOPLIST_KEY_UIApplicationSupportsIndirectInputEvents = YES;
				INFOPLIST_KEY_UILaunchScreen_Generation = YES;
				INFOPLIST_KEY_UISupportedInterfaceOrientations_iPad = "UIInterfaceOrientationPortrait UIInterfaceOrientationPortraitUpsideDown UIInterfaceOrientationLandscapeLeft UIInterfaceOrientationLandscapeRight";
				INFOPLIST_KEY_UISupportedInterfaceOrientations_iPhone = "UIInterfaceOrientationPortrait UIInterfaceOrientationLandscapeLeft UIInterfaceOrientationLandscapeRight";
				LD_RUNPATH_SEARCH_PATHS = (
					"$(inherited)",
					"@executable_path/Frameworks",
				);
				MARKETING_VERSION = 1.0;
				PRODUCT_BUNDLE_IDENTIFIER = com.acatlan.Enfischido;
				PRODUCT_NAME = "$(TARGET_NAME)";
				SWIFT_EMIT_LOC_STRINGS = YES;
				SWIFT_VERSION = 5.0;
				TARGETED_DEVICE_FAMILY = "1,2";
			};
			name = Debug;
		};
		FC2E31362A01BD0700A9BAD2 /* Release */ = {
			isa = XCBuildConfiguration;
			buildSettings = {
				ASSETCATALOG_COMPILER_APPICON_NAME = AppIcon;
				ASSETCATALOG_COMPILER_GLOBAL_ACCENT_COLOR_NAME = AccentColor;
				CODE_SIGN_STYLE = Automatic;
				CURRENT_PROJECT_VERSION = 1;
				DEVELOPMENT_ASSET_PATHS = "\"Enfischido/Preview Content\"";
				ENABLE_PREVIEWS = YES;
				GENERATE_INFOPLIST_FILE = YES;
				INFOPLIST_KEY_UIApplicationSceneManifest_Generation = YES;
				INFOPLIST_KEY_UIApplicationSupportsIndirectInputEvents = YES;
				INFOPLIST_KEY_UILaunchScreen_Generation = YES;
				INFOPLIST_KEY_UISupportedInterfaceOrientations_iPad = "UIInterfaceOrientationPortrait UIInterfaceOrientationPortraitUpsideDown UIInterfaceOrientationLandscapeLeft UIInterfaceOrientationLandscapeRight";
				INFOPLIST_KEY_UISupportedInterfaceOrientations_iPhone = "UIInterfaceOrientationPortrait UIInterfaceOrientationLandscapeLeft UIInterfaceOrientationLandscapeRight";
				LD_RUNPATH_SEARCH_PATHS = (
					"$(inherited)",
					"@executable_path/Frameworks",
				);
				MARKETING_VERSION = 1.0;
				PRODUCT_BUNDLE_IDENTIFIER = com.acatlan.Enfischido;
				PRODUCT_NAME = "$(TARGET_NAME)";
				SWIFT_EMIT_LOC_STRINGS = YES;
				SWIFT_VERSION = 5.0;
				TARGETED_DEVICE_FAMILY = "1,2";
			};
			name = Release;
		};
/* End XCBuildConfiguration section */

/* Begin XCConfigurationList section */
		FC2E31212A01BD0600A9BAD2 /* Build configuration list for PBXProject "Enfischido" */ = {
			isa = XCConfigurationList;
			buildConfigurations = (
				FC2E31322A01BD0700A9BAD2 /* Debug */,
				FC2E31332A01BD0700A9BAD2 /* Release */,
			);
			defaultConfigurationIsVisible = 0;
			defaultConfigurationName = Release;
		};
		FC2E31342A01BD0700A9BAD2 /* Build configuration list for PBXNativeTarget "Enfischido" */ = {
			isa = XCConfigurationList;
			buildConfigurations = (
				FC2E31352A01BD0700A9BAD2 /* Debug */,
				FC2E31362A01BD0700A9BAD2 /* Release */,
			);
			defaultConfigurationIsVisible = 0;
			defaultConfigurationName = Release;
		};
/* End XCConfigurationList section */

/* Begin XCRemoteSwiftPackageReference section */
		FC44F5B72A01D429009AC10F /* XCRemoteSwiftPackageReference "firebase-ios-sdk" */ = {
			isa = XCRemoteSwiftPackageReference;
			repositoryURL = "https://github.com/firebase/firebase-ios-sdk.git";
			requirement = {
				kind = upToNextMajorVersion;
				minimumVersion = 10.0.0;
			};
		};
/* End XCRemoteSwiftPackageReference section */

/* Begin XCSwiftPackageProductDependency section */
		FC44F5B82A01D429009AC10F /* FirebaseAnalytics */ = {
			isa = XCSwiftPackageProductDependency;
			package = FC44F5B72A01D429009AC10F /* XCRemoteSwiftPackageReference "firebase-ios-sdk" */;
			productName = FirebaseAnalytics;
		};
		FC44F5BA2A01D429009AC10F /* FirebaseAnalyticsSwift */ = {
			isa = XCSwiftPackageProductDependency;
			package = FC44F5B72A01D429009AC10F /* XCRemoteSwiftPackageReference "firebase-ios-sdk" */;
			productName = FirebaseAnalyticsSwift;
		};
/* End XCSwiftPackageProductDependency section */
	};
	rootObject = FC2E311E2A01BD0600A9BAD2 /* Project object */;
}
